
Microsoft Visual Studio Solution File, Format Version 12.00
# Visual Studio Version 17
VisualStudioVersion = 17.12.35527.113
MinimumVisualStudioVersion = 10.0.40219.1
Project("{FAE04EC0-301F-11D3-BF4B-00C04F79EFBC}") = "AirTicketSalesManagement", "AirTicketSalesManagement\AirTicketSalesManagement.csproj", "{1E2526F5-D431-43E7-AEB6-34C804A11C82}"
EndProject
Project("{FAE04EC0-301F-11D3-BF4B-00C04F79EFBC}") = "AirTicketSalesManagementTests", "AirTicketSalesManagementTests\AirTicketSalesManagementTests.csproj", "{73E5B501-FD88-4684-A1AA-DF5AEDCEDCDF}"
EndProject
Global
	GlobalSection(SolutionConfigurationPlatforms) = preSolution
		Debug|Any CPU = Debug|Any CPU
		Release|Any CPU = Release|Any CPU
	EndGlobalSection
	GlobalSection(ProjectConfigurationPlatforms) = postSolution
		{1E2526F5-D431-43E7-AEB6-34C804A11C82}.Debug|Any CPU.ActiveCfg = Debug|Any CPU
		{1E2526F5-D431-43E7-AEB6-34C804A11C82}.Debug|Any CPU.Build.0 = Debug|Any CPU
		{1E2526F5-D431-43E7-AEB6-34C804A11C82}.Release|Any CPU.ActiveCfg = Release|Any CPU
		{1E2526F5-D431-43E7-AEB6-34C804A11C82}.Release|Any CPU.Build.0 = Release|Any CPU
		{73E5B501-FD88-4684-A1AA-DF5AEDCEDCDF}.Debug|Any CPU.ActiveCfg = Debug|Any CPU
		{73E5B501-FD88-4684-A1AA-DF5AEDCEDCDF}.Debug|Any CPU.Build.0 = Debug|Any CPU
		{73E5B501-FD88-4684-A1AA-DF5AEDCEDCDF}.Release|Any CPU.ActiveCfg = Release|Any CPU
	EndGlobalSection
	GlobalSection(SolutionProperties) = preSolution
		HideSolutionNode = FALSE
	EndGlobalSection
EndGlobal
